{
  "version": 4,
  "terraform_version": "0.12.24",
  "serial": 21,
  "lineage": "290ac4c7-05d8-a048-f019-2a455f280d05",
  "outputs": {},
  "resources": [
    {
      "module": "module.metrics_server",
      "mode": "managed",
      "type": "helm_release",
      "name": "metrics_server",
      "provider": "provider.helm",
      "instances": [
        {
          "schema_version": 0,
          "attributes": {
            "atomic": false,
            "chart": "stable/metrics-server",
            "cleanup_on_fail": false,
            "dependency_update": false,
            "description": null,
            "devel": null,
            "disable_crd_hooks": false,
            "disable_openapi_validation": false,
            "disable_webhooks": false,
            "force_update": false,
            "id": "metrics-server",
            "keyring": null,
            "max_history": 0,
            "metadata": [
              {
                "chart": "metrics-server",
                "name": "metrics-server",
                "namespace": "kube-system",
                "revision": 1,
                "values": "{\"args\":[\"--kubelet-insecure-tls\"]}",
                "version": "2.9.0"
              }
            ],
            "name": "metrics-server",
            "namespace": "kube-system",
            "postrender": [],
            "recreate_pods": false,
            "render_subchart_notes": true,
            "replace": false,
            "repository": null,
            "repository_ca_file": null,
            "repository_cert_file": null,
            "repository_key_file": null,
            "repository_password": null,
            "repository_username": null,
            "reset_values": false,
            "reuse_values": false,
            "set": [],
            "set_sensitive": [],
            "set_string": [],
            "skip_crds": false,
            "status": "deployed",
            "timeout": 300,
            "values": [
              "args:\n  - \"--kubelet-insecure-tls\"\n"
            ],
            "verify": false,
            "version": "2.9.0",
            "wait": true
          },
          "private": "bnVsbA=="
        }
      ]
    },
    {
      "module": "module.knative",
      "mode": "managed",
      "type": "null_resource",
      "name": "knative_config_install",
      "provider": "provider.null",
      "instances": [
        {
          "schema_version": 0,
          "attributes": {
            "id": "3464021648523952677",
            "triggers": {
              "knative_version": "v0.14.0"
            }
          },
          "private": "bnVsbA==",
          "dependencies": [
            "module.knative.null_resource.knative_install"
          ]
        }
      ]
    },
    {
      "module": "module.knative",
      "mode": "managed",
      "type": "null_resource",
      "name": "knative_custom_resource_definitions",
      "provider": "provider.null",
      "instances": [
        {
          "schema_version": 0,
          "attributes": {
            "id": "382061148621104075",
            "triggers": {
              "knative_version": "v0.14.0"
            }
          }
        }
      ]
    },
    {
      "module": "module.knative",
      "mode": "managed",
      "type": "null_resource",
      "name": "knative_install",
      "provider": "provider.null",
      "instances": [
        {
          "schema_version": 0,
          "attributes": {
            "id": "201296445439424724",
            "triggers": {
              "knative_version": "v0.14.0"
            }
          },
          "dependencies": [
            "module.knative.null_resource.knative_custom_resource_definitions"
          ]
        }
      ]
    },
    {
      "module": "module.knative",
      "mode": "managed",
      "type": "null_resource",
      "name": "knative_install_autoscalling",
      "provider": "provider.null",
      "instances": [
        {
          "schema_version": 0,
          "attributes": {
            "id": "4735305547132048234",
            "triggers": {
              "knative_version": "v0.14.0"
            }
          },
          "dependencies": [
            "module.knative.null_resource.knative_install"
          ]
        }
      ]
    },
    {
      "module": "module.knative",
      "mode": "managed",
      "type": "null_resource",
      "name": "knative_install_kourier",
      "provider": "provider.null",
      "instances": [
        {
          "schema_version": 0,
          "attributes": {
            "id": "5989522365991542526",
            "triggers": {
              "knative_version": "v0.14.0"
            }
          },
          "dependencies": [
            "module.knative.null_resource.knative_install"
          ]
        }
      ]
    },
    {
      "module": "module.tekton",
      "mode": "managed",
      "type": "null_resource",
      "name": "tekton_dashboard_install",
      "provider": "provider.null",
      "instances": [
        {
          "schema_version": 0,
          "attributes": {
            "id": "1560055302015423665",
            "triggers": {
              "tekton_dashboard_version": "v0.6.1"
            }
          },
          "private": "bnVsbA==",
          "dependencies": [
            "module.knative.null_resource.knative_config_install",
            "module.knative.null_resource.knative_install",
            "module.tekton.null_resource.tekton_install"
          ]
        }
      ]
    },
    {
      "module": "module.tekton",
      "mode": "managed",
      "type": "null_resource",
      "name": "tekton_install",
      "provider": "provider.null",
      "instances": [
        {
          "schema_version": 0,
          "attributes": {
            "id": "3746430423714859850",
            "triggers": {
              "tekton_version": "v0.11.3"
            }
          },
          "private": "bnVsbA==",
          "dependencies": [
            "module.knative.null_resource.knative_config_install",
            "module.knative.null_resource.knative_install"
          ]
        }
      ]
    }
  ]
}
